
Microsoft Visual Studio Solution File, Format Version 12.00
# Visual Studio 15
VisualStudioVersion = 15.0.27703.2047
MinimumVisualStudioVersion = 10.0.40219.1
Project("{E24C65DC-7377-472B-9ABA-BC803B73C61A}") = "Offline Web Application", ".", "{87C37661-9020-4949-8361-9F38B4058A4B}"
	ProjectSection(WebsiteProperties) = preProject
		TargetFrameworkMoniker = ".NETFramework,Version%3Dv4.5.1"
		Debug.AspNetCompiler.VirtualPath = "/localhost_52124"
		Debug.AspNetCompiler.PhysicalPath = "G:\GitRepository\Offline Web Application\"
		Debug.AspNetCompiler.TargetPath = "PrecompiledWeb\localhost_52124\"
		Debug.AspNetCompiler.Updateable = "true"
		Debug.AspNetCompiler.ForceOverwrite = "true"
		Debug.AspNetCompiler.FixedNames = "false"
		Debug.AspNetCompiler.Debug = "True"
		Release.AspNetCompiler.VirtualPath = "/localhost_52124"
		Release.AspNetCompiler.PhysicalPath = "G:\GitRepository\Offline Web Application\"
		Release.AspNetCompiler.TargetPath = "PrecompiledWeb\localhost_52124\"
		Release.AspNetCompiler.Updateable = "true"
		Release.AspNetCompiler.ForceOverwrite = "true"
		Release.AspNetCompiler.FixedNames = "false"
		Release.AspNetCompiler.Debug = "False"
		VWDPort = "52124"
	EndProjectSection
EndProject
Global
	GlobalSection(SolutionConfigurationPlatforms) = preSolution
		Debug|Any CPU = Debug|Any CPU
	EndGlobalSection
	GlobalSection(ProjectConfigurationPlatforms) = postSolution
		{87C37661-9020-4949-8361-9F38B4058A4B}.Debug|Any CPU.ActiveCfg = Debug|Any CPU
		{87C37661-9020-4949-8361-9F38B4058A4B}.Debug|Any CPU.Build.0 = Debug|Any CPU
	EndGlobalSection
	GlobalSection(SolutionProperties) = preSolution
		HideSolutionNode = FALSE
	EndGlobalSection
	GlobalSection(ExtensibilityGlobals) = postSolution
		SolutionGuid = {711FD93C-487A-4133-98E8-646A049A199A}
	EndGlobalSection
EndGlobal
